{
  "name": "intelligence-protocol",
  "version": "1.0.0",
  "lockfileVersion": 1,
  "requires": true,
  "dependencies": {
    "@openzeppelin/contracts": {
      "version": "4.3.2",
      "resolved": "https://registry.nlark.com/@openzeppelin/contracts/download/@openzeppelin/contracts-4.3.2.tgz",
      "integrity": "sha1-/4Cv/W01Lb4bvFtOGDPEGv1ig7Y="
    },
    "i": {
      "version": "0.3.7",
      "resolved": "https://registry.nlark.com/i/download/i-0.3.7.tgz",
      "integrity": "sha1-KnQ3qSPVnBSxckPcY6VJryTYV5k="
    }
  }
}
